
Microsoft Visual Studio Solution File, Format Version 12.00
# Visual Studio 15
VisualStudioVersion = 15.0.28010.2003
MinimumVisualStudioVersion = 10.0.40219.1
Project("{FAE04EC0-301F-11D3-BF4B-00C04F79EFBC}") = "NLDB", "NLDB\NLDB.csproj", "{AD3EB4BF-9934-4C99-A9B8-3797093BFA7F}"
EndProject
Project("{FAE04EC0-301F-11D3-BF4B-00C04F79EFBC}") = "NLDBTests", "NLDBTests\NLDBTests.csproj", "{5E997B23-AF97-497E-BDDE-84431F90801C}"
EndProject
Project("{FAE04EC0-301F-11D3-BF4B-00C04F79EFBC}") = "NLCLI", "NLCLI\NLCLI.csproj", "{6FD7149B-2AD2-4D1F-BE7B-33E2C2E03A34}"
	ProjectSection(ProjectDependencies) = postProject
		{AD3EB4BF-9934-4C99-A9B8-3797093BFA7F} = {AD3EB4BF-9934-4C99-A9B8-3797093BFA7F}
	EndProjectSection
EndProject
Project("{2150E333-8FDC-42A3-9474-1A3956D46DE8}") = "Solution Items", "Solution Items", "{7288190C-07C6-4DBB-BF02-868CA2B9BE0A}"
	ProjectSection(SolutionItems) = preProject
		README.md = README.md
	EndProjectSection
EndProject
Project("{9A19103F-16F7-4668-BE54-9A1E7A4F7556}") = "NLDB.Core", "NLDB.Core\NLDB.Core.csproj", "{58AA6313-E922-46B9-803D-20EAB977867E}"
EndProject
Project("{888888A0-9F3D-457C-B088-3A5042F75D52}") = "nldbscripts", "nldbscripts\nldbscripts.pyproj", "{D24DF220-CC64-4AE8-8A27-5F5F2EE04E1E}"
EndProject
Project("{FAE04EC0-301F-11D3-BF4B-00C04F79EFBC}") = "NLDBCoreTests", "NLDBCoreTests\NLDBCoreTests.csproj", "{7F8A01D2-7A47-4A7B-8A72-13FDC5E983C2}"
EndProject
Global
	GlobalSection(SolutionConfigurationPlatforms) = preSolution
		Debug|Any CPU = Debug|Any CPU
		Debug|x64 = Debug|x64
		Debug|x86 = Debug|x86
		Release|Any CPU = Release|Any CPU
		Release|x64 = Release|x64
		Release|x86 = Release|x86
	EndGlobalSection
	GlobalSection(ProjectConfigurationPlatforms) = postSolution
		{AD3EB4BF-9934-4C99-A9B8-3797093BFA7F}.Debug|Any CPU.ActiveCfg = Debug|x64
		{AD3EB4BF-9934-4C99-A9B8-3797093BFA7F}.Debug|Any CPU.Build.0 = Debug|x64
		{AD3EB4BF-9934-4C99-A9B8-3797093BFA7F}.Debug|x64.ActiveCfg = Debug|x64
		{AD3EB4BF-9934-4C99-A9B8-3797093BFA7F}.Debug|x64.Build.0 = Debug|x64
		{AD3EB4BF-9934-4C99-A9B8-3797093BFA7F}.Debug|x86.ActiveCfg = Debug|Any CPU
		{AD3EB4BF-9934-4C99-A9B8-3797093BFA7F}.Debug|x86.Build.0 = Debug|Any CPU
		{AD3EB4BF-9934-4C99-A9B8-3797093BFA7F}.Release|Any CPU.ActiveCfg = Release|Any CPU
		{AD3EB4BF-9934-4C99-A9B8-3797093BFA7F}.Release|Any CPU.Build.0 = Release|Any CPU
		{AD3EB4BF-9934-4C99-A9B8-3797093BFA7F}.Release|x64.ActiveCfg = Release|x64
		{AD3EB4BF-9934-4C99-A9B8-3797093BFA7F}.Release|x64.Build.0 = Release|x64
		{AD3EB4BF-9934-4C99-A9B8-3797093BFA7F}.Release|x86.ActiveCfg = Release|Any CPU
		{AD3EB4BF-9934-4C99-A9B8-3797093BFA7F}.Release|x86.Build.0 = Release|Any CPU
		{5E997B23-AF97-497E-BDDE-84431F90801C}.Debug|Any CPU.ActiveCfg = Debug|x64
		{5E997B23-AF97-497E-BDDE-84431F90801C}.Debug|Any CPU.Build.0 = Debug|x64
		{5E997B23-AF97-497E-BDDE-84431F90801C}.Debug|x64.ActiveCfg = Debug|x64
		{5E997B23-AF97-497E-BDDE-84431F90801C}.Debug|x64.Build.0 = Debug|x64
		{5E997B23-AF97-497E-BDDE-84431F90801C}.Debug|x86.ActiveCfg = Debug|Any CPU
		{5E997B23-AF97-497E-BDDE-84431F90801C}.Debug|x86.Build.0 = Debug|Any CPU
		{5E997B23-AF97-497E-BDDE-84431F90801C}.Release|Any CPU.ActiveCfg = Release|Any CPU
		{5E997B23-AF97-497E-BDDE-84431F90801C}.Release|Any CPU.Build.0 = Release|Any CPU
		{5E997B23-AF97-497E-BDDE-84431F90801C}.Release|x64.ActiveCfg = Release|Any CPU
		{5E997B23-AF97-497E-BDDE-84431F90801C}.Release|x64.Build.0 = Release|Any CPU
		{5E997B23-AF97-497E-BDDE-84431F90801C}.Release|x86.ActiveCfg = Release|Any CPU
		{5E997B23-AF97-497E-BDDE-84431F90801C}.Release|x86.Build.0 = Release|Any CPU
		{6FD7149B-2AD2-4D1F-BE7B-33E2C2E03A34}.Debug|Any CPU.ActiveCfg = Debug|x64
		{6FD7149B-2AD2-4D1F-BE7B-33E2C2E03A34}.Debug|Any CPU.Build.0 = Debug|x64
		{6FD7149B-2AD2-4D1F-BE7B-33E2C2E03A34}.Debug|x64.ActiveCfg = Debug|x64
		{6FD7149B-2AD2-4D1F-BE7B-33E2C2E03A34}.Debug|x64.Build.0 = Debug|x64
		{6FD7149B-2AD2-4D1F-BE7B-33E2C2E03A34}.Debug|x86.ActiveCfg = Debug|Any CPU
		{6FD7149B-2AD2-4D1F-BE7B-33E2C2E03A34}.Debug|x86.Build.0 = Debug|Any CPU
		{6FD7149B-2AD2-4D1F-BE7B-33E2C2E03A34}.Release|Any CPU.ActiveCfg = Release|Any CPU
		{6FD7149B-2AD2-4D1F-BE7B-33E2C2E03A34}.Release|Any CPU.Build.0 = Release|Any CPU
		{6FD7149B-2AD2-4D1F-BE7B-33E2C2E03A34}.Release|x64.ActiveCfg = Release|Any CPU
		{6FD7149B-2AD2-4D1F-BE7B-33E2C2E03A34}.Release|x64.Build.0 = Release|Any CPU
		{6FD7149B-2AD2-4D1F-BE7B-33E2C2E03A34}.Release|x86.ActiveCfg = Release|Any CPU
		{6FD7149B-2AD2-4D1F-BE7B-33E2C2E03A34}.Release|x86.Build.0 = Release|Any CPU
		{58AA6313-E922-46B9-803D-20EAB977867E}.Debug|Any CPU.ActiveCfg = Debug|Any CPU
		{58AA6313-E922-46B9-803D-20EAB977867E}.Debug|Any CPU.Build.0 = Debug|Any CPU
		{58AA6313-E922-46B9-803D-20EAB977867E}.Debug|x64.ActiveCfg = Debug|Any CPU
		{58AA6313-E922-46B9-803D-20EAB977867E}.Debug|x64.Build.0 = Debug|Any CPU
		{58AA6313-E922-46B9-803D-20EAB977867E}.Debug|x86.ActiveCfg = Debug|Any CPU
		{58AA6313-E922-46B9-803D-20EAB977867E}.Debug|x86.Build.0 = Debug|Any CPU
		{58AA6313-E922-46B9-803D-20EAB977867E}.Release|Any CPU.ActiveCfg = Release|Any CPU
		{58AA6313-E922-46B9-803D-20EAB977867E}.Release|Any CPU.Build.0 = Release|Any CPU
		{58AA6313-E922-46B9-803D-20EAB977867E}.Release|x64.ActiveCfg = Release|Any CPU
		{58AA6313-E922-46B9-803D-20EAB977867E}.Release|x64.Build.0 = Release|Any CPU
		{58AA6313-E922-46B9-803D-20EAB977867E}.Release|x86.ActiveCfg = Release|Any CPU
		{58AA6313-E922-46B9-803D-20EAB977867E}.Release|x86.Build.0 = Release|Any CPU
		{D24DF220-CC64-4AE8-8A27-5F5F2EE04E1E}.Debug|Any CPU.ActiveCfg = Debug|Any CPU
		{D24DF220-CC64-4AE8-8A27-5F5F2EE04E1E}.Debug|x64.ActiveCfg = Debug|Any CPU
		{D24DF220-CC64-4AE8-8A27-5F5F2EE04E1E}.Debug|x86.ActiveCfg = Debug|Any CPU
		{D24DF220-CC64-4AE8-8A27-5F5F2EE04E1E}.Release|Any CPU.ActiveCfg = Release|Any CPU
		{D24DF220-CC64-4AE8-8A27-5F5F2EE04E1E}.Release|x64.ActiveCfg = Release|Any CPU
		{D24DF220-CC64-4AE8-8A27-5F5F2EE04E1E}.Release|x86.ActiveCfg = Release|Any CPU
		{7F8A01D2-7A47-4A7B-8A72-13FDC5E983C2}.Debug|Any CPU.ActiveCfg = Debug|Any CPU
		{7F8A01D2-7A47-4A7B-8A72-13FDC5E983C2}.Debug|Any CPU.Build.0 = Debug|Any CPU
		{7F8A01D2-7A47-4A7B-8A72-13FDC5E983C2}.Debug|x64.ActiveCfg = Debug|Any CPU
		{7F8A01D2-7A47-4A7B-8A72-13FDC5E983C2}.Debug|x64.Build.0 = Debug|Any CPU
		{7F8A01D2-7A47-4A7B-8A72-13FDC5E983C2}.Debug|x86.ActiveCfg = Debug|Any CPU
		{7F8A01D2-7A47-4A7B-8A72-13FDC5E983C2}.Debug|x86.Build.0 = Debug|Any CPU
		{7F8A01D2-7A47-4A7B-8A72-13FDC5E983C2}.Release|Any CPU.ActiveCfg = Release|Any CPU
		{7F8A01D2-7A47-4A7B-8A72-13FDC5E983C2}.Release|Any CPU.Build.0 = Release|Any CPU
		{7F8A01D2-7A47-4A7B-8A72-13FDC5E983C2}.Release|x64.ActiveCfg = Release|Any CPU
		{7F8A01D2-7A47-4A7B-8A72-13FDC5E983C2}.Release|x64.Build.0 = Release|Any CPU
		{7F8A01D2-7A47-4A7B-8A72-13FDC5E983C2}.Release|x86.ActiveCfg = Release|Any CPU
		{7F8A01D2-7A47-4A7B-8A72-13FDC5E983C2}.Release|x86.Build.0 = Release|Any CPU
	EndGlobalSection
	GlobalSection(SolutionProperties) = preSolution
		HideSolutionNode = FALSE
	EndGlobalSection
	GlobalSection(ExtensibilityGlobals) = postSolution
		SolutionGuid = {C8186610-3EEA-450D-B71E-9C0539A42223}
	EndGlobalSection
	GlobalSection(Performance) = preSolution
		HasPerformanceSessions = true
	EndGlobalSection
	GlobalSection(Performance) = preSolution
		HasPerformanceSessions = true
	EndGlobalSection
	GlobalSection(Performance) = preSolution
		HasPerformanceSessions = true
	EndGlobalSection
	GlobalSection(Performance) = preSolution
		HasPerformanceSessions = true
	EndGlobalSection
	GlobalSection(Performance) = preSolution
		HasPerformanceSessions = true
	EndGlobalSection
	GlobalSection(Performance) = preSolution
		HasPerformanceSessions = true
	EndGlobalSection
	GlobalSection(Performance) = preSolution
		HasPerformanceSessions = true
	EndGlobalSection
EndGlobal
